
Microsoft Visual Studio Solution File, Format Version 12.00
# Visual Studio Version 16
VisualStudioVersion = 16.0.30413.136
MinimumVisualStudioVersion = 10.0.40219.1
Project("{9A19103F-16F7-4668-BE54-9A1E7A4F7556}") = "HARIA.Front", "HARIA.Front\HARIA.Front.csproj", "{97DB0CBC-F272-417A-81A0-5B3F937C27AD}"
EndProject
Project("{9A19103F-16F7-4668-BE54-9A1E7A4F7556}") = "HARIA.Tests", "HARIA.Tests\HARIA.Tests.csproj", "{E7DF3FFD-A053-43C0-A16D-C8DD699A4AD4}"
EndProject
Project("{9A19103F-16F7-4668-BE54-9A1E7A4F7556}") = "HARIA.CLI", "HARIA.CLI\HARIA.CLI.csproj", "{0F820D03-E3ED-4B6B-8903-7D7891852F7A}"
EndProject
Project("{2150E333-8FDC-42A3-9474-1A3956D46DE8}") = "Core", "Core", "{A382F404-8602-4F16-96C5-70E9EFC4F642}"
EndProject
Project("{9A19103F-16F7-4668-BE54-9A1E7A4F7556}") = "HARIA.API", "Core\HARIA.API\HARIA.API.csproj", "{64BAD3BC-62AF-4B69-9C56-9A885AD6013E}"
EndProject
Project("{9A19103F-16F7-4668-BE54-9A1E7A4F7556}") = "HARIA.DataAccess", "Core\HARIA.DataAccess\HARIA.DataAccess.csproj", "{E2A38B5F-C728-4809-9BA5-016679BDBD30}"
EndProject
Project("{9A19103F-16F7-4668-BE54-9A1E7A4F7556}") = "HARIA.Domain", "Core\HARIA.Domain\HARIA.Domain.csproj", "{25FB18B5-B247-4F91-8350-5E1669A5D5CD}"
EndProject
Project("{9A19103F-16F7-4668-BE54-9A1E7A4F7556}") = "HARIA.Services", "Core\HARIA.Services\HARIA.Services.csproj", "{0511EB77-9A02-4092-B32F-4C00A9FFB000}"
EndProject
Project("{9A19103F-16F7-4668-BE54-9A1E7A4F7556}") = "HARIA.Worker", "Core\HARIA.Worker\HARIA.Worker.csproj", "{97D08C3A-35F4-436D-9872-DEF7204FF43F}"
EndProject
Project("{9A19103F-16F7-4668-BE54-9A1E7A4F7556}") = "HARIA.Emulator", "HARIA.Emulator\HARIA.Emulator.csproj", "{F55EC3E6-B04B-45E1-891F-04CE4FE44637}"
EndProject
Project("{9A19103F-16F7-4668-BE54-9A1E7A4F7556}") = "HARIA.Client", "HARIA.Client\HARIA.Client.csproj", "{508E04F8-C399-4508-A4FC-1DDF31DFAEDB}"
EndProject
Global
	GlobalSection(SolutionConfigurationPlatforms) = preSolution
		Debug|Any CPU = Debug|Any CPU
		Release|Any CPU = Release|Any CPU
	EndGlobalSection
	GlobalSection(ProjectConfigurationPlatforms) = postSolution
		{97DB0CBC-F272-417A-81A0-5B3F937C27AD}.Debug|Any CPU.ActiveCfg = Debug|Any CPU
		{97DB0CBC-F272-417A-81A0-5B3F937C27AD}.Debug|Any CPU.Build.0 = Debug|Any CPU
		{97DB0CBC-F272-417A-81A0-5B3F937C27AD}.Release|Any CPU.ActiveCfg = Release|Any CPU
		{97DB0CBC-F272-417A-81A0-5B3F937C27AD}.Release|Any CPU.Build.0 = Release|Any CPU
		{E7DF3FFD-A053-43C0-A16D-C8DD699A4AD4}.Debug|Any CPU.ActiveCfg = Debug|Any CPU
		{E7DF3FFD-A053-43C0-A16D-C8DD699A4AD4}.Debug|Any CPU.Build.0 = Debug|Any CPU
		{E7DF3FFD-A053-43C0-A16D-C8DD699A4AD4}.Release|Any CPU.ActiveCfg = Release|Any CPU
		{E7DF3FFD-A053-43C0-A16D-C8DD699A4AD4}.Release|Any CPU.Build.0 = Release|Any CPU
		{0F820D03-E3ED-4B6B-8903-7D7891852F7A}.Debug|Any CPU.ActiveCfg = Debug|Any CPU
		{0F820D03-E3ED-4B6B-8903-7D7891852F7A}.Debug|Any CPU.Build.0 = Debug|Any CPU
		{0F820D03-E3ED-4B6B-8903-7D7891852F7A}.Release|Any CPU.ActiveCfg = Release|Any CPU
		{0F820D03-E3ED-4B6B-8903-7D7891852F7A}.Release|Any CPU.Build.0 = Release|Any CPU
		{64BAD3BC-62AF-4B69-9C56-9A885AD6013E}.Debug|Any CPU.ActiveCfg = Debug|Any CPU
		{64BAD3BC-62AF-4B69-9C56-9A885AD6013E}.Debug|Any CPU.Build.0 = Debug|Any CPU
		{64BAD3BC-62AF-4B69-9C56-9A885AD6013E}.Release|Any CPU.ActiveCfg = Release|Any CPU
		{64BAD3BC-62AF-4B69-9C56-9A885AD6013E}.Release|Any CPU.Build.0 = Release|Any CPU
		{E2A38B5F-C728-4809-9BA5-016679BDBD30}.Debug|Any CPU.ActiveCfg = Debug|Any CPU
		{E2A38B5F-C728-4809-9BA5-016679BDBD30}.Debug|Any CPU.Build.0 = Debug|Any CPU
		{E2A38B5F-C728-4809-9BA5-016679BDBD30}.Release|Any CPU.ActiveCfg = Release|Any CPU
		{E2A38B5F-C728-4809-9BA5-016679BDBD30}.Release|Any CPU.Build.0 = Release|Any CPU
		{25FB18B5-B247-4F91-8350-5E1669A5D5CD}.Debug|Any CPU.ActiveCfg = Debug|Any CPU
		{25FB18B5-B247-4F91-8350-5E1669A5D5CD}.Debug|Any CPU.Build.0 = Debug|Any CPU
		{25FB18B5-B247-4F91-8350-5E1669A5D5CD}.Release|Any CPU.ActiveCfg = Release|Any CPU
		{25FB18B5-B247-4F91-8350-5E1669A5D5CD}.Release|Any CPU.Build.0 = Release|Any CPU
		{0511EB77-9A02-4092-B32F-4C00A9FFB000}.Debug|Any CPU.ActiveCfg = Debug|Any CPU
		{0511EB77-9A02-4092-B32F-4C00A9FFB000}.Debug|Any CPU.Build.0 = Debug|Any CPU
		{0511EB77-9A02-4092-B32F-4C00A9FFB000}.Release|Any CPU.ActiveCfg = Release|Any CPU
		{0511EB77-9A02-4092-B32F-4C00A9FFB000}.Release|Any CPU.Build.0 = Release|Any CPU
		{97D08C3A-35F4-436D-9872-DEF7204FF43F}.Debug|Any CPU.ActiveCfg = Debug|Any CPU
		{97D08C3A-35F4-436D-9872-DEF7204FF43F}.Debug|Any CPU.Build.0 = Debug|Any CPU
		{97D08C3A-35F4-436D-9872-DEF7204FF43F}.Release|Any CPU.ActiveCfg = Release|Any CPU
		{97D08C3A-35F4-436D-9872-DEF7204FF43F}.Release|Any CPU.Build.0 = Release|Any CPU
		{F55EC3E6-B04B-45E1-891F-04CE4FE44637}.Debug|Any CPU.ActiveCfg = Debug|Any CPU
		{F55EC3E6-B04B-45E1-891F-04CE4FE44637}.Debug|Any CPU.Build.0 = Debug|Any CPU
		{F55EC3E6-B04B-45E1-891F-04CE4FE44637}.Release|Any CPU.ActiveCfg = Release|Any CPU
		{F55EC3E6-B04B-45E1-891F-04CE4FE44637}.Release|Any CPU.Build.0 = Release|Any CPU
		{508E04F8-C399-4508-A4FC-1DDF31DFAEDB}.Debug|Any CPU.ActiveCfg = Debug|Any CPU
		{508E04F8-C399-4508-A4FC-1DDF31DFAEDB}.Debug|Any CPU.Build.0 = Debug|Any CPU
		{508E04F8-C399-4508-A4FC-1DDF31DFAEDB}.Release|Any CPU.ActiveCfg = Release|Any CPU
		{508E04F8-C399-4508-A4FC-1DDF31DFAEDB}.Release|Any CPU.Build.0 = Release|Any CPU
	EndGlobalSection
	GlobalSection(SolutionProperties) = preSolution
		HideSolutionNode = FALSE
	EndGlobalSection
	GlobalSection(NestedProjects) = preSolution
		{64BAD3BC-62AF-4B69-9C56-9A885AD6013E} = {A382F404-8602-4F16-96C5-70E9EFC4F642}
		{E2A38B5F-C728-4809-9BA5-016679BDBD30} = {A382F404-8602-4F16-96C5-70E9EFC4F642}
		{25FB18B5-B247-4F91-8350-5E1669A5D5CD} = {A382F404-8602-4F16-96C5-70E9EFC4F642}
		{0511EB77-9A02-4092-B32F-4C00A9FFB000} = {A382F404-8602-4F16-96C5-70E9EFC4F642}
		{97D08C3A-35F4-436D-9872-DEF7204FF43F} = {A382F404-8602-4F16-96C5-70E9EFC4F642}
	EndGlobalSection
	GlobalSection(ExtensibilityGlobals) = postSolution
		SolutionGuid = {E7016579-FE3A-4C01-9218-343BA973CE03}
	EndGlobalSection
EndGlobal
