
Microsoft Visual Studio Solution File, Format Version 12.00
# Visual Studio Version 17
VisualStudioVersion = 17.0.31717.71
MinimumVisualStudioVersion = 10.0.40219.1
Project("{9A19103F-16F7-4668-BE54-9A1E7A4F7556}") = "HARIA.Diagnostic", "HARIA.Diagnostic\HARIA.Diagnostic.csproj", "{9C945003-32B5-44C6-874A-6BF6173B6A5F}"
EndProject
Project("{9A19103F-16F7-4668-BE54-9A1E7A4F7556}") = "HARIA.Domain", "HARIA.Domain\HARIA.Domain.csproj", "{DCAB930C-F1A2-4E4C-B3F2-5327F9E68ACA}"
EndProject
Project("{9A19103F-16F7-4668-BE54-9A1E7A4F7556}") = "HARIA.Data", "HARIA.Data\HARIA.Data.csproj", "{95A5F60C-4752-430D-A5A7-56F607974962}"
EndProject
Project("{9A19103F-16F7-4668-BE54-9A1E7A4F7556}") = "HARIA.Services", "HARIA.Services\HARIA.Services.csproj", "{12526ACD-21F6-4D9C-9AB6-0918EBCA436F}"
EndProject
Project("{9A19103F-16F7-4668-BE54-9A1E7A4F7556}") = "HARIA.Common", "HARIA.Common\HARIA.Common.csproj", "{21BACC53-F42D-4089-86CA-9C00F995BAFC}"
EndProject
Project("{9A19103F-16F7-4668-BE54-9A1E7A4F7556}") = "HARIA.Script", "HARIA.Script\HARIA.Script.csproj", "{6DE82DEF-9245-4AA6-886C-0621F57F3FD7}"
EndProject
Project("{2150E333-8FDC-42A3-9474-1A3956D46DE8}") = "Tests", "Tests", "{2C2CE1FB-ACC3-480D-B2C4-BF47E9DC73E7}"
EndProject
Project("{FAE04EC0-301F-11D3-BF4B-00C04F79EFBC}") = "HARIA.Script.Tests", "HARIA.Script.Tests\HARIA.Script.Tests.csproj", "{C62B7A21-0E24-473E-A4F6-962F9A1C0662}"
EndProject
Global
	GlobalSection(SolutionConfigurationPlatforms) = preSolution
		Debug|Any CPU = Debug|Any CPU
		Release|Any CPU = Release|Any CPU
	EndGlobalSection
	GlobalSection(ProjectConfigurationPlatforms) = postSolution
		{9C945003-32B5-44C6-874A-6BF6173B6A5F}.Debug|Any CPU.ActiveCfg = Debug|Any CPU
		{9C945003-32B5-44C6-874A-6BF6173B6A5F}.Debug|Any CPU.Build.0 = Debug|Any CPU
		{9C945003-32B5-44C6-874A-6BF6173B6A5F}.Release|Any CPU.ActiveCfg = Release|Any CPU
		{9C945003-32B5-44C6-874A-6BF6173B6A5F}.Release|Any CPU.Build.0 = Release|Any CPU
		{DCAB930C-F1A2-4E4C-B3F2-5327F9E68ACA}.Debug|Any CPU.ActiveCfg = Debug|Any CPU
		{DCAB930C-F1A2-4E4C-B3F2-5327F9E68ACA}.Debug|Any CPU.Build.0 = Debug|Any CPU
		{DCAB930C-F1A2-4E4C-B3F2-5327F9E68ACA}.Release|Any CPU.ActiveCfg = Release|Any CPU
		{DCAB930C-F1A2-4E4C-B3F2-5327F9E68ACA}.Release|Any CPU.Build.0 = Release|Any CPU
		{95A5F60C-4752-430D-A5A7-56F607974962}.Debug|Any CPU.ActiveCfg = Debug|Any CPU
		{95A5F60C-4752-430D-A5A7-56F607974962}.Debug|Any CPU.Build.0 = Debug|Any CPU
		{95A5F60C-4752-430D-A5A7-56F607974962}.Release|Any CPU.ActiveCfg = Release|Any CPU
		{95A5F60C-4752-430D-A5A7-56F607974962}.Release|Any CPU.Build.0 = Release|Any CPU
		{12526ACD-21F6-4D9C-9AB6-0918EBCA436F}.Debug|Any CPU.ActiveCfg = Debug|Any CPU
		{12526ACD-21F6-4D9C-9AB6-0918EBCA436F}.Debug|Any CPU.Build.0 = Debug|Any CPU
		{12526ACD-21F6-4D9C-9AB6-0918EBCA436F}.Release|Any CPU.ActiveCfg = Release|Any CPU
		{12526ACD-21F6-4D9C-9AB6-0918EBCA436F}.Release|Any CPU.Build.0 = Release|Any CPU
		{21BACC53-F42D-4089-86CA-9C00F995BAFC}.Debug|Any CPU.ActiveCfg = Debug|Any CPU
		{21BACC53-F42D-4089-86CA-9C00F995BAFC}.Debug|Any CPU.Build.0 = Debug|Any CPU
		{21BACC53-F42D-4089-86CA-9C00F995BAFC}.Release|Any CPU.ActiveCfg = Release|Any CPU
		{21BACC53-F42D-4089-86CA-9C00F995BAFC}.Release|Any CPU.Build.0 = Release|Any CPU
		{6DE82DEF-9245-4AA6-886C-0621F57F3FD7}.Debug|Any CPU.ActiveCfg = Debug|Any CPU
		{6DE82DEF-9245-4AA6-886C-0621F57F3FD7}.Debug|Any CPU.Build.0 = Debug|Any CPU
		{6DE82DEF-9245-4AA6-886C-0621F57F3FD7}.Release|Any CPU.ActiveCfg = Release|Any CPU
		{6DE82DEF-9245-4AA6-886C-0621F57F3FD7}.Release|Any CPU.Build.0 = Release|Any CPU
		{C62B7A21-0E24-473E-A4F6-962F9A1C0662}.Debug|Any CPU.ActiveCfg = Debug|Any CPU
		{C62B7A21-0E24-473E-A4F6-962F9A1C0662}.Debug|Any CPU.Build.0 = Debug|Any CPU
		{C62B7A21-0E24-473E-A4F6-962F9A1C0662}.Release|Any CPU.ActiveCfg = Release|Any CPU
		{C62B7A21-0E24-473E-A4F6-962F9A1C0662}.Release|Any CPU.Build.0 = Release|Any CPU
	EndGlobalSection
	GlobalSection(SolutionProperties) = preSolution
		HideSolutionNode = FALSE
	EndGlobalSection
	GlobalSection(NestedProjects) = preSolution
		{C62B7A21-0E24-473E-A4F6-962F9A1C0662} = {2C2CE1FB-ACC3-480D-B2C4-BF47E9DC73E7}
	EndGlobalSection
	GlobalSection(ExtensibilityGlobals) = postSolution
		SolutionGuid = {6EF46899-381D-486B-ABC5-49BB98D5076C}
	EndGlobalSection
EndGlobal
